# Code generated by scarb DO NOT EDIT.
version = 1

[[package]]
name = "ninth"
version = "0.1.0"
dependencies = [
 "openzeppelin",
]

[[package]]
name = "openzeppelin"
version = "0.8.0"
source = "git+https://github.com/OpenZeppelin/cairo-contracts?rev=cd0ce89#cd0ce89cffda855768b4ed2c4a9b5aaa2479b0fa"
